
Microsoft Visual Studio Solution File, Format Version 12.00
# Visual Studio Version 16
VisualStudioVersion = 16.0.30406.217
MinimumVisualStudioVersion = 10.0.40219.1
Project("{FAE04EC0-301F-11D3-BF4B-00C04F79EFBC}") = "00_类的声明", "9_15_object-oriented\00_类的声明.csproj", "{F14721B9-DC7C-4AC8-A607-DE7BB1B30ADB}"
EndProject
Project("{FAE04EC0-301F-11D3-BF4B-00C04F79EFBC}") = "02_类的字段", "02_类的字段\02_类的字段.csproj", "{D233AF68-DD82-451A-8EA9-C43AA7E9496E}"
EndProject
Project("{FAE04EC0-301F-11D3-BF4B-00C04F79EFBC}") = "03_类的访问修饰符", "03\03_类的访问修饰符.csproj", "{FA59CBFD-C9B6-4534-B868-41D61ED3DCA0}"
EndProject
Project("{FAE04EC0-301F-11D3-BF4B-00C04F79EFBC}") = "04_类的创建和使用", "04_类的创建和使用\04_类的创建和使用.csproj", "{69BE3062-0ACA-4DA1-8D9B-A8C3307D837D}"
EndProject
Project("{FAE04EC0-301F-11D3-BF4B-00C04F79EFBC}") = "05_分部类", "05_分部类\05_分部类.csproj", "{B09E27B1-8A6B-47B5-AEBF-EB36C840F884}"
EndProject
Global
	GlobalSection(SolutionConfigurationPlatforms) = preSolution
		Debug|Any CPU = Debug|Any CPU
		Release|Any CPU = Release|Any CPU
	EndGlobalSection
	GlobalSection(ProjectConfigurationPlatforms) = postSolution
		{F14721B9-DC7C-4AC8-A607-DE7BB1B30ADB}.Debug|Any CPU.ActiveCfg = Debug|Any CPU
		{F14721B9-DC7C-4AC8-A607-DE7BB1B30ADB}.Debug|Any CPU.Build.0 = Debug|Any CPU
		{F14721B9-DC7C-4AC8-A607-DE7BB1B30ADB}.Release|Any CPU.ActiveCfg = Release|Any CPU
		{F14721B9-DC7C-4AC8-A607-DE7BB1B30ADB}.Release|Any CPU.Build.0 = Release|Any CPU
		{D233AF68-DD82-451A-8EA9-C43AA7E9496E}.Debug|Any CPU.ActiveCfg = Debug|Any CPU
		{D233AF68-DD82-451A-8EA9-C43AA7E9496E}.Debug|Any CPU.Build.0 = Debug|Any CPU
		{D233AF68-DD82-451A-8EA9-C43AA7E9496E}.Release|Any CPU.ActiveCfg = Release|Any CPU
		{D233AF68-DD82-451A-8EA9-C43AA7E9496E}.Release|Any CPU.Build.0 = Release|Any CPU
		{FA59CBFD-C9B6-4534-B868-41D61ED3DCA0}.Debug|Any CPU.ActiveCfg = Debug|Any CPU
		{FA59CBFD-C9B6-4534-B868-41D61ED3DCA0}.Debug|Any CPU.Build.0 = Debug|Any CPU
		{FA59CBFD-C9B6-4534-B868-41D61ED3DCA0}.Release|Any CPU.ActiveCfg = Release|Any CPU
		{FA59CBFD-C9B6-4534-B868-41D61ED3DCA0}.Release|Any CPU.Build.0 = Release|Any CPU
		{69BE3062-0ACA-4DA1-8D9B-A8C3307D837D}.Debug|Any CPU.ActiveCfg = Debug|Any CPU
		{69BE3062-0ACA-4DA1-8D9B-A8C3307D837D}.Debug|Any CPU.Build.0 = Debug|Any CPU
		{69BE3062-0ACA-4DA1-8D9B-A8C3307D837D}.Release|Any CPU.ActiveCfg = Release|Any CPU
		{69BE3062-0ACA-4DA1-8D9B-A8C3307D837D}.Release|Any CPU.Build.0 = Release|Any CPU
		{B09E27B1-8A6B-47B5-AEBF-EB36C840F884}.Debug|Any CPU.ActiveCfg = Debug|Any CPU
		{B09E27B1-8A6B-47B5-AEBF-EB36C840F884}.Debug|Any CPU.Build.0 = Debug|Any CPU
		{B09E27B1-8A6B-47B5-AEBF-EB36C840F884}.Release|Any CPU.ActiveCfg = Release|Any CPU
		{B09E27B1-8A6B-47B5-AEBF-EB36C840F884}.Release|Any CPU.Build.0 = Release|Any CPU
	EndGlobalSection
	GlobalSection(SolutionProperties) = preSolution
		HideSolutionNode = FALSE
	EndGlobalSection
	GlobalSection(ExtensibilityGlobals) = postSolution
		SolutionGuid = {54F5C280-5332-4C8F-B0A5-2C9947EFD556}
	EndGlobalSection
EndGlobal
